
Microsoft Visual Studio Solution File, Format Version 12.00
# Visual Studio Version 17
VisualStudioVersion = 17.8.34322.80
MinimumVisualStudioVersion = 10.0.40219.1
Project("{FAE04EC0-301F-11D3-BF4B-00C04F79EFBC}") = "Exercise2", "Exercise2.csproj", "{114B8538-D5BC-432A-A331-6688FFC4391D}"
EndProject
Project("{FAE04EC0-301F-11D3-BF4B-00C04F79EFBC}") = "BankTests", "..\BankTests\BankTests.csproj", "{8726D72A-17AB-4758-A4D2-8C13C5BF8E14}"
EndProject
Global
	GlobalSection(SolutionConfigurationPlatforms) = preSolution
		Debug|Any CPU = Debug|Any CPU
		Release|Any CPU = Release|Any CPU
	EndGlobalSection
	GlobalSection(ProjectConfigurationPlatforms) = postSolution
		{114B8538-D5BC-432A-A331-6688FFC4391D}.Debug|Any CPU.ActiveCfg = Debug|Any CPU
		{114B8538-D5BC-432A-A331-6688FFC4391D}.Debug|Any CPU.Build.0 = Debug|Any CPU
		{114B8538-D5BC-432A-A331-6688FFC4391D}.Release|Any CPU.ActiveCfg = Release|Any CPU
		{114B8538-D5BC-432A-A331-6688FFC4391D}.Release|Any CPU.Build.0 = Release|Any CPU
		{8726D72A-17AB-4758-A4D2-8C13C5BF8E14}.Debug|Any CPU.ActiveCfg = Debug|Any CPU
		{8726D72A-17AB-4758-A4D2-8C13C5BF8E14}.Debug|Any CPU.Build.0 = Debug|Any CPU
		{8726D72A-17AB-4758-A4D2-8C13C5BF8E14}.Release|Any CPU.ActiveCfg = Release|Any CPU
		{8726D72A-17AB-4758-A4D2-8C13C5BF8E14}.Release|Any CPU.Build.0 = Release|Any CPU
	EndGlobalSection
	GlobalSection(SolutionProperties) = preSolution
		HideSolutionNode = FALSE
	EndGlobalSection
	GlobalSection(ExtensibilityGlobals) = postSolution
		SolutionGuid = {6F59EA1C-7AAC-418D-95A8-A2B4C4621BB2}
	EndGlobalSection
EndGlobal
