
Microsoft Visual Studio Solution File, Format Version 12.00
# Visual Studio Version 17
VisualStudioVersion = 17.8.34330.188
MinimumVisualStudioVersion = 10.0.40219.1
Project("{FAE04EC0-301F-11D3-BF4B-00C04F79EFBC}") = "Exercise4", "Exercise4.csproj", "{ED78C8D3-D14B-490E-9306-20C46167D7C2}"
EndProject
Global
	GlobalSection(SolutionConfigurationPlatforms) = preSolution
		Debug|Any CPU = Debug|Any CPU
		Release|Any CPU = Release|Any CPU
	EndGlobalSection
	GlobalSection(ProjectConfigurationPlatforms) = postSolution
		{ED78C8D3-D14B-490E-9306-20C46167D7C2}.Debug|Any CPU.ActiveCfg = Debug|Any CPU
		{ED78C8D3-D14B-490E-9306-20C46167D7C2}.Debug|Any CPU.Build.0 = Debug|Any CPU
		{ED78C8D3-D14B-490E-9306-20C46167D7C2}.Release|Any CPU.ActiveCfg = Release|Any CPU
		{ED78C8D3-D14B-490E-9306-20C46167D7C2}.Release|Any CPU.Build.0 = Release|Any CPU
	EndGlobalSection
	GlobalSection(SolutionProperties) = preSolution
		HideSolutionNode = FALSE
	EndGlobalSection
	GlobalSection(ExtensibilityGlobals) = postSolution
		SolutionGuid = {A40969A7-AE05-454D-B760-ECBF1D46E621}
	EndGlobalSection
EndGlobal
